
Microsoft Visual Studio Solution File, Format Version 12.00
# Visual Studio Version 16
VisualStudioVersion = 16.0.30011.22
MinimumVisualStudioVersion = 10.0.40219.1
Project("{FAE04EC0-301F-11D3-BF4B-00C04F79EFBC}") = "OnlinePizzaAPI", "OnlinePizzaAPI.csproj", "{110FCEC1-16C7-4E92-B263-CFEC21C11689}"
EndProject
Global
	GlobalSection(SolutionConfigurationPlatforms) = preSolution
		Debug|Any CPU = Debug|Any CPU
		Release|Any CPU = Release|Any CPU
	EndGlobalSection
	GlobalSection(ProjectConfigurationPlatforms) = postSolution
		{110FCEC1-16C7-4E92-B263-CFEC21C11689}.Debug|Any CPU.ActiveCfg = Debug|Any CPU
		{110FCEC1-16C7-4E92-B263-CFEC21C11689}.Debug|Any CPU.Build.0 = Debug|Any CPU
		{110FCEC1-16C7-4E92-B263-CFEC21C11689}.Release|Any CPU.ActiveCfg = Release|Any CPU
		{110FCEC1-16C7-4E92-B263-CFEC21C11689}.Release|Any CPU.Build.0 = Release|Any CPU
	EndGlobalSection
	GlobalSection(SolutionProperties) = preSolution
		HideSolutionNode = FALSE
	EndGlobalSection
	GlobalSection(ExtensibilityGlobals) = postSolution
		SolutionGuid = {EF144359-221B-43B3-861A-1C03D61ADEF0}
	EndGlobalSection
EndGlobal
